
Microsoft Visual Studio Solution File, Format Version 12.00
# Visual Studio Version 17
VisualStudioVersion = 17.2.32505.173
MinimumVisualStudioVersion = 10.0.40219.1
Project("{9A19103F-16F7-4668-BE54-9A1E7A4F7556}") = "Backend", "Backend\Backend.csproj", "{E005C09E-4E51-43B9-8F49-ED04A1F5790B}"
EndProject
Project("{9A19103F-16F7-4668-BE54-9A1E7A4F7556}") = "Backend.DAL", "Backend.DAL\Backend.DAL.csproj", "{2ED4A21C-B271-4DE8-8B6C-9EA64F5A0CE4}"
EndProject
Project("{9A19103F-16F7-4668-BE54-9A1E7A4F7556}") = "Backend.BLL", "Backend.BLL\Backend.BLL.csproj", "{49ACBFCB-E56E-4166-BA8D-3E19277DD92C}"
EndProject
Global
	GlobalSection(SolutionConfigurationPlatforms) = preSolution
		Debug|Any CPU = Debug|Any CPU
		Release|Any CPU = Release|Any CPU
	EndGlobalSection
	GlobalSection(ProjectConfigurationPlatforms) = postSolution
		{E005C09E-4E51-43B9-8F49-ED04A1F5790B}.Debug|Any CPU.ActiveCfg = Debug|Any CPU
		{E005C09E-4E51-43B9-8F49-ED04A1F5790B}.Debug|Any CPU.Build.0 = Debug|Any CPU
		{E005C09E-4E51-43B9-8F49-ED04A1F5790B}.Release|Any CPU.ActiveCfg = Release|Any CPU
		{E005C09E-4E51-43B9-8F49-ED04A1F5790B}.Release|Any CPU.Build.0 = Release|Any CPU
		{2ED4A21C-B271-4DE8-8B6C-9EA64F5A0CE4}.Debug|Any CPU.ActiveCfg = Debug|Any CPU
		{2ED4A21C-B271-4DE8-8B6C-9EA64F5A0CE4}.Debug|Any CPU.Build.0 = Debug|Any CPU
		{2ED4A21C-B271-4DE8-8B6C-9EA64F5A0CE4}.Release|Any CPU.ActiveCfg = Release|Any CPU
		{2ED4A21C-B271-4DE8-8B6C-9EA64F5A0CE4}.Release|Any CPU.Build.0 = Release|Any CPU
		{49ACBFCB-E56E-4166-BA8D-3E19277DD92C}.Debug|Any CPU.ActiveCfg = Debug|Any CPU
		{49ACBFCB-E56E-4166-BA8D-3E19277DD92C}.Debug|Any CPU.Build.0 = Debug|Any CPU
		{49ACBFCB-E56E-4166-BA8D-3E19277DD92C}.Release|Any CPU.ActiveCfg = Release|Any CPU
		{49ACBFCB-E56E-4166-BA8D-3E19277DD92C}.Release|Any CPU.Build.0 = Release|Any CPU
	EndGlobalSection
	GlobalSection(SolutionProperties) = preSolution
		HideSolutionNode = FALSE
	EndGlobalSection
	GlobalSection(ExtensibilityGlobals) = postSolution
		SolutionGuid = {4F72485C-1D94-42A3-98DA-6E80DD14E24B}
	EndGlobalSection
EndGlobal
